
Microsoft Visual Studio Solution File, Format Version 12.00
# Visual Studio Version 16
VisualStudioVersion = 16.0.29424.173
MinimumVisualStudioVersion = 10.0.40219.1
Project("{FAE04EC0-301F-11D3-BF4B-00C04F79EFBC}") = "Supplier_Entities", "Supplier\Supplier_Entities.csproj", "{E3CA51C6-E8B5-40A8-8018-5A25050BF825}"
EndProject
Project("{2150E333-8FDC-42A3-9474-1A3956D46DE8}") = "Entities", "Entities", "{A8FA7B61-4679-4097-8176-242335B6AB94}"
EndProject
Project("{2150E333-8FDC-42A3-9474-1A3956D46DE8}") = "Data", "Data", "{DF8D2E83-C17C-4EBE-83B6-7B863C32F2F6}"
EndProject
Project("{2150E333-8FDC-42A3-9474-1A3956D46DE8}") = "Bussiness", "Bussiness", "{872E1E0D-94FF-4F59-9CE1-FBBEC105E0D8}"
EndProject
Project("{2150E333-8FDC-42A3-9474-1A3956D46DE8}") = "Tests", "Tests", "{640CE6CB-D37E-4F2F-B09D-5DF0A035E95C}"
EndProject
Project("{FAE04EC0-301F-11D3-BF4B-00C04F79EFBC}") = "Data_Tests", "Entities_Tests\Data_Tests.csproj", "{F8A17C26-D309-41E3-BBD4-041405D40990}"
EndProject
Project("{FAE04EC0-301F-11D3-BF4B-00C04F79EFBC}") = "Supplier_Data", "Supplier_Data\Supplier_Data.csproj", "{52028365-C15B-4BD4-A854-B6DAE2F7A142}"
EndProject
Project("{2150E333-8FDC-42A3-9474-1A3956D46DE8}") = "Helper", "Helper", "{7EB5684C-5635-4943-B88A-8C64BB7E48E3}"
EndProject
Project("{FAE04EC0-301F-11D3-BF4B-00C04F79EFBC}") = "Supplier_Helper", "Supplier_Helper\Supplier_Helper.csproj", "{61D8D872-80E6-4599-A8AE-29777E642BB6}"
EndProject
Project("{FAE04EC0-301F-11D3-BF4B-00C04F79EFBC}") = "Supplier_Bussiness", "Supplier_Bussiness\Supplier_Bussiness.csproj", "{08805A98-A0A5-4DF8-8DE6-D805C8AE48ED}"
EndProject
Project("{FAE04EC0-301F-11D3-BF4B-00C04F79EFBC}") = "Bussiness_Tests", "Bussiness_Tests\Bussiness_Tests.csproj", "{7C618267-BAD5-44D0-9286-5FC7826E7D00}"
EndProject
Global
	GlobalSection(SolutionConfigurationPlatforms) = preSolution
		Debug|Any CPU = Debug|Any CPU
		Release|Any CPU = Release|Any CPU
	EndGlobalSection
	GlobalSection(ProjectConfigurationPlatforms) = postSolution
		{E3CA51C6-E8B5-40A8-8018-5A25050BF825}.Debug|Any CPU.ActiveCfg = Debug|Any CPU
		{E3CA51C6-E8B5-40A8-8018-5A25050BF825}.Debug|Any CPU.Build.0 = Debug|Any CPU
		{E3CA51C6-E8B5-40A8-8018-5A25050BF825}.Release|Any CPU.ActiveCfg = Release|Any CPU
		{E3CA51C6-E8B5-40A8-8018-5A25050BF825}.Release|Any CPU.Build.0 = Release|Any CPU
		{F8A17C26-D309-41E3-BBD4-041405D40990}.Debug|Any CPU.ActiveCfg = Debug|Any CPU
		{F8A17C26-D309-41E3-BBD4-041405D40990}.Debug|Any CPU.Build.0 = Debug|Any CPU
		{F8A17C26-D309-41E3-BBD4-041405D40990}.Release|Any CPU.ActiveCfg = Release|Any CPU
		{F8A17C26-D309-41E3-BBD4-041405D40990}.Release|Any CPU.Build.0 = Release|Any CPU
		{52028365-C15B-4BD4-A854-B6DAE2F7A142}.Debug|Any CPU.ActiveCfg = Debug|Any CPU
		{52028365-C15B-4BD4-A854-B6DAE2F7A142}.Debug|Any CPU.Build.0 = Debug|Any CPU
		{52028365-C15B-4BD4-A854-B6DAE2F7A142}.Release|Any CPU.ActiveCfg = Release|Any CPU
		{52028365-C15B-4BD4-A854-B6DAE2F7A142}.Release|Any CPU.Build.0 = Release|Any CPU
		{61D8D872-80E6-4599-A8AE-29777E642BB6}.Debug|Any CPU.ActiveCfg = Debug|Any CPU
		{61D8D872-80E6-4599-A8AE-29777E642BB6}.Debug|Any CPU.Build.0 = Debug|Any CPU
		{61D8D872-80E6-4599-A8AE-29777E642BB6}.Release|Any CPU.ActiveCfg = Release|Any CPU
		{61D8D872-80E6-4599-A8AE-29777E642BB6}.Release|Any CPU.Build.0 = Release|Any CPU
		{08805A98-A0A5-4DF8-8DE6-D805C8AE48ED}.Debug|Any CPU.ActiveCfg = Debug|Any CPU
		{08805A98-A0A5-4DF8-8DE6-D805C8AE48ED}.Debug|Any CPU.Build.0 = Debug|Any CPU
		{08805A98-A0A5-4DF8-8DE6-D805C8AE48ED}.Release|Any CPU.ActiveCfg = Release|Any CPU
		{08805A98-A0A5-4DF8-8DE6-D805C8AE48ED}.Release|Any CPU.Build.0 = Release|Any CPU
		{7C618267-BAD5-44D0-9286-5FC7826E7D00}.Debug|Any CPU.ActiveCfg = Debug|Any CPU
		{7C618267-BAD5-44D0-9286-5FC7826E7D00}.Debug|Any CPU.Build.0 = Debug|Any CPU
		{7C618267-BAD5-44D0-9286-5FC7826E7D00}.Release|Any CPU.ActiveCfg = Release|Any CPU
		{7C618267-BAD5-44D0-9286-5FC7826E7D00}.Release|Any CPU.Build.0 = Release|Any CPU
	EndGlobalSection
	GlobalSection(SolutionProperties) = preSolution
		HideSolutionNode = FALSE
	EndGlobalSection
	GlobalSection(NestedProjects) = preSolution
		{E3CA51C6-E8B5-40A8-8018-5A25050BF825} = {A8FA7B61-4679-4097-8176-242335B6AB94}
		{F8A17C26-D309-41E3-BBD4-041405D40990} = {640CE6CB-D37E-4F2F-B09D-5DF0A035E95C}
		{52028365-C15B-4BD4-A854-B6DAE2F7A142} = {DF8D2E83-C17C-4EBE-83B6-7B863C32F2F6}
		{61D8D872-80E6-4599-A8AE-29777E642BB6} = {7EB5684C-5635-4943-B88A-8C64BB7E48E3}
		{08805A98-A0A5-4DF8-8DE6-D805C8AE48ED} = {872E1E0D-94FF-4F59-9CE1-FBBEC105E0D8}
		{7C618267-BAD5-44D0-9286-5FC7826E7D00} = {640CE6CB-D37E-4F2F-B09D-5DF0A035E95C}
	EndGlobalSection
	GlobalSection(ExtensibilityGlobals) = postSolution
		SolutionGuid = {B9F0CCC9-57C8-4064-9CFA-022357C69BEF}
	EndGlobalSection
EndGlobal
